
Microsoft Visual Studio Solution File, Format Version 12.00
Project("{FAE04EC0-301F-11D3-BF4B-00C04F79EFBC}") = "TeamworkAutoTeilEins", "TeamworkAutoTeilEins\TeamworkAutoTeilEins.csproj", "{4392ADDB-672F-4175-AF76-51DBDF625EEC}"
EndProject
Global
	GlobalSection(SolutionConfigurationPlatforms) = preSolution
		Debug|Any CPU = Debug|Any CPU
		Release|Any CPU = Release|Any CPU
	EndGlobalSection
	GlobalSection(ProjectConfigurationPlatforms) = postSolution
		{4392ADDB-672F-4175-AF76-51DBDF625EEC}.Debug|Any CPU.ActiveCfg = Debug|Any CPU
		{4392ADDB-672F-4175-AF76-51DBDF625EEC}.Debug|Any CPU.Build.0 = Debug|Any CPU
		{4392ADDB-672F-4175-AF76-51DBDF625EEC}.Release|Any CPU.ActiveCfg = Release|Any CPU
		{4392ADDB-672F-4175-AF76-51DBDF625EEC}.Release|Any CPU.Build.0 = Release|Any CPU
	EndGlobalSection
EndGlobal
